// !$*UTF8*$!
{
	archiveVersion = 1;
	classes = {
	};
	objectVersion = 55;
	objects = {

/* Begin PBXBuildFile section */
		5212A85027C3B1AB002A5CB3 /* Bugsnag in Frameworks */ = {isa = PBXBuildFile; productRef = 5212A84F27C3B1AB002A5CB3 /* Bugsnag */; };
		5212A85327C3B21B002A5CB3 /* KeychainSwift in Frameworks */ = {isa = PBXBuildFile; productRef = 5212A85227C3B21B002A5CB3 /* KeychainSwift */; };
		5212A85527C3B248002A5CB3 /* UserIdentifierManager.swift in Sources */ = {isa = PBXBuildFile; fileRef = 5212A85427C3B248002A5CB3 /* UserIdentifierManager.swift */; };
		527EB0CB27C2AAAB00474245 /* CompositionSection.swift in Sources */ = {isa = PBXBuildFile; fileRef = 527EB0CA27C2AAAB00474245 /* CompositionSection.swift */; };
		527EB0CE27C2AB7B00474245 /* RxCocoa in Frameworks */ = {isa = PBXBuildFile; productRef = 527EB0CD27C2AB7B00474245 /* RxCocoa */; };
		527EB0D027C2AB7B00474245 /* RxSwift in Frameworks */ = {isa = PBXBuildFile; productRef = 527EB0CF27C2AB7B00474245 /* RxSwift */; };
		527EB0D527C2AC1300474245 /* QuoteCell.swift in Sources */ = {isa = PBXBuildFile; fileRef = 527EB0D427C2AC1300474245 /* QuoteCell.swift */; };
		527EB0D727C2AC1D00474245 /* QuoteCellViewModel.swift in Sources */ = {isa = PBXBuildFile; fileRef = 527EB0D627C2AC1D00474245 /* QuoteCellViewModel.swift */; };
		527EB0D927C2AC2700474245 /* QuoteCell.xib in Resources */ = {isa = PBXBuildFile; fileRef = 527EB0D827C2AC2700474245 /* QuoteCell.xib */; };
		527EB0DC27C2AC5A00474245 /* Reusable in Frameworks */ = {isa = PBXBuildFile; productRef = 527EB0DB27C2AC5A00474245 /* Reusable */; };
		527EB0DE27C2B73500474245 /* SnapCenterLayout.swift in Sources */ = {isa = PBXBuildFile; fileRef = 527EB0DD27C2B73500474245 /* SnapCenterLayout.swift */; };
		52800DEB27C1916F00149CA5 /* Rswift in Frameworks */ = {isa = PBXBuildFile; productRef = 52800DEA27C1916F00149CA5 /* Rswift */; };
		528FFF2E27C291A100C19A25 /* QuoteDIContainer.swift in Sources */ = {isa = PBXBuildFile; fileRef = 528FFF2D27C291A100C19A25 /* QuoteDIContainer.swift */; };
		528FFF3027C291CD00C19A25 /* QuoteFlowCoordinator.swift in Sources */ = {isa = PBXBuildFile; fileRef = 528FFF2F27C291CD00C19A25 /* QuoteFlowCoordinator.swift */; };
		528FFF3227C2924D00C19A25 /* QuoteViewModel.swift in Sources */ = {isa = PBXBuildFile; fileRef = 528FFF3127C2924D00C19A25 /* QuoteViewModel.swift */; };
		528FFF3427C292A300C19A25 /* QuoteViewController.swift in Sources */ = {isa = PBXBuildFile; fileRef = 528FFF3327C292A300C19A25 /* QuoteViewController.swift */; };
		528FFF3627C292F300C19A25 /* QuoteViewController.storyboard in Resources */ = {isa = PBXBuildFile; fileRef = 528FFF3527C292F300C19A25 /* QuoteViewController.storyboard */; };
		528FFF3827C2939B00C19A25 /* AppDIContainer.swift in Sources */ = {isa = PBXBuildFile; fileRef = 528FFF3727C2939B00C19A25 /* AppDIContainer.swift */; };
		528FFF3A27C293D600C19A25 /* AppFlowCoordinator.swift in Sources */ = {isa = PBXBuildFile; fileRef = 528FFF3927C293D600C19A25 /* AppFlowCoordinator.swift */; };
		528FFF3D27C2A39600C19A25 /* Realm in Frameworks */ = {isa = PBXBuildFile; productRef = 528FFF3C27C2A39600C19A25 /* Realm */; };
		528FFF3F27C2A39600C19A25 /* RealmSwift in Frameworks */ = {isa = PBXBuildFile; productRef = 528FFF3E27C2A39600C19A25 /* RealmSwift */; };
		528FFF4327C2A3BF00C19A25 /* DatabaseService.swift in Sources */ = {isa = PBXBuildFile; fileRef = 528FFF4227C2A3BF00C19A25 /* DatabaseService.swift */; };
		528FFF4627C2A3ED00C19A25 /* App.swift in Sources */ = {isa = PBXBuildFile; fileRef = 528FFF4527C2A3ED00C19A25 /* App.swift */; };
		528FFF4927C2A40D00C19A25 /* RMQuote.swift in Sources */ = {isa = PBXBuildFile; fileRef = 528FFF4827C2A40D00C19A25 /* RMQuote.swift */; };
		528FFF4B27C2A44100C19A25 /* Constants.swift in Sources */ = {isa = PBXBuildFile; fileRef = 528FFF4A27C2A44100C19A25 /* Constants.swift */; };
		528FFF4D27C2A57D00C19A25 /* quotes.realm in Resources */ = {isa = PBXBuildFile; fileRef = 528FFF4C27C2A57D00C19A25 /* quotes.realm */; };
		528FFF4F27C2A64500C19A25 /* DD.swift in Sources */ = {isa = PBXBuildFile; fileRef = 528FFF4E27C2A64500C19A25 /* DD.swift */; };
		528FFF5327C2A76D00C19A25 /* Quote.swift in Sources */ = {isa = PBXBuildFile; fileRef = 528FFF5227C2A76D00C19A25 /* Quote.swift */; };
		52B8090127C400580038FF9D /* Colors.swift in Sources */ = {isa = PBXBuildFile; fileRef = 52B8090027C400580038FF9D /* Colors.swift */; };
		52B8090427C4012C0038FF9D /* InfoPlist.strings in Resources */ = {isa = PBXBuildFile; fileRef = 52B8090627C4012C0038FF9D /* InfoPlist.strings */; };
		52B8090F27C417040038FF9D /* CategoryViewModel.swift in Sources */ = {isa = PBXBuildFile; fileRef = 52B8090A27C417030038FF9D /* CategoryViewModel.swift */; };
		52B8091027C417040038FF9D /* CategoryDIContainer.swift in Sources */ = {isa = PBXBuildFile; fileRef = 52B8090B27C417030038FF9D /* CategoryDIContainer.swift */; };
		52B8091127C417040038FF9D /* CategoryFlowCoordinator.swift in Sources */ = {isa = PBXBuildFile; fileRef = 52B8090C27C417030038FF9D /* CategoryFlowCoordinator.swift */; };
		52B8091227C417040038FF9D /* CategoryViewController.storyboard in Resources */ = {isa = PBXBuildFile; fileRef = 52B8090D27C417030038FF9D /* CategoryViewController.storyboard */; };
		52B8091327C417040038FF9D /* CategoryViewController.swift in Sources */ = {isa = PBXBuildFile; fileRef = 52B8090E27C417030038FF9D /* CategoryViewController.swift */; };
		52B8091827C41C4E0038FF9D /* CategoryCell.xib in Resources */ = {isa = PBXBuildFile; fileRef = 52B8091527C41C4E0038FF9D /* CategoryCell.xib */; };
		52B8091927C41C4E0038FF9D /* CategoryCell.swift in Sources */ = {isa = PBXBuildFile; fileRef = 52B8091627C41C4E0038FF9D /* CategoryCell.swift */; };
		52B8091A27C41C4E0038FF9D /* CategoryCellViewModel.swift in Sources */ = {isa = PBXBuildFile; fileRef = 52B8091727C41C4E0038FF9D /* CategoryCellViewModel.swift */; };
		52D3D23327C3B40300B8B884 /* Amplitude in Frameworks */ = {isa = PBXBuildFile; productRef = 52D3D23227C3B40300B8B884 /* Amplitude */; };
		52D3D23627C3B42B00B8B884 /* TrackingService.swift in Sources */ = {isa = PBXBuildFile; fileRef = 52D3D23527C3B42B00B8B884 /* TrackingService.swift */; };
		52D3D23927C3B60C00B8B884 /* PreferenceService.swift in Sources */ = {isa = PBXBuildFile; fileRef = 52D3D23827C3B60C00B8B884 /* PreferenceService.swift */; };
		52D3D23C27C3BE7200B8B884 /* CALayer+SmoothCorner.swift in Sources */ = {isa = PBXBuildFile; fileRef = 52D3D23B27C3BE7200B8B884 /* CALayer+SmoothCorner.swift */; };
		52D3D24227C3BF6E00B8B884 /* AnimationButton.swift in Sources */ = {isa = PBXBuildFile; fileRef = 52D3D24127C3BF6E00B8B884 /* AnimationButton.swift */; };
		52DFEE6727C1896800CA1FD8 /* AppDelegate.swift in Sources */ = {isa = PBXBuildFile; fileRef = 52DFEE6627C1896800CA1FD8 /* AppDelegate.swift */; };
		52DFEE7027C1896800CA1FD8 /* Assets.xcassets in Resources */ = {isa = PBXBuildFile; fileRef = 52DFEE6F27C1896800CA1FD8 /* Assets.xcassets */; };
		52DFEE7327C1896800CA1FD8 /* LaunchScreen.storyboard in Resources */ = {isa = PBXBuildFile; fileRef = 52DFEE7127C1896800CA1FD8 /* LaunchScreen.storyboard */; };
		52DFEE8027C18EED00CA1FD8 /* R.generated.swift in Sources */ = {isa = PBXBuildFile; fileRef = 52DFEE7F27C18EED00CA1FD8 /* R.generated.swift */; };
		52F14C0427C3FE2F00896847 /* Localizable.strings in Resources */ = {isa = PBXBuildFile; fileRef = 52F14C0627C3FE2F00896847 /* Localizable.strings */; };
		52FA138927C3FA4600DCECFD /* SettingsFlowCoordinator.swift in Sources */ = {isa = PBXBuildFile; fileRef = 52FA138427C3FA4600DCECFD /* SettingsFlowCoordinator.swift */; };
		52FA138A27C3FA4600DCECFD /* SettingsViewController.storyboard in Resources */ = {isa = PBXBuildFile; fileRef = 52FA138527C3FA4600DCECFD /* SettingsViewController.storyboard */; };
		52FA138B27C3FA4600DCECFD /* SettingsViewModel.swift in Sources */ = {isa = PBXBuildFile; fileRef = 52FA138627C3FA4600DCECFD /* SettingsViewModel.swift */; };
		52FA138C27C3FA4600DCECFD /* SettingsDIContainer.swift in Sources */ = {isa = PBXBuildFile; fileRef = 52FA138727C3FA4600DCECFD /* SettingsDIContainer.swift */; };
		52FA138D27C3FA4600DCECFD /* SettingsViewController.swift in Sources */ = {isa = PBXBuildFile; fileRef = 52FA138827C3FA4600DCECFD /* SettingsViewController.swift */; };
		52FA13A327C3FA7100DCECFD /* SettingsTimePickerCellViewModel.swift in Sources */ = {isa = PBXBuildFile; fileRef = 52FA139027C3FA7000DCECFD /* SettingsTimePickerCellViewModel.swift */; };
		52FA13A427C3FA7100DCECFD /* SettingsTimePickerCell.swift in Sources */ = {isa = PBXBuildFile; fileRef = 52FA139127C3FA7000DCECFD /* SettingsTimePickerCell.swift */; };
		52FA13A527C3FA7100DCECFD /* SettingsTimePickerCell.xib in Resources */ = {isa = PBXBuildFile; fileRef = 52FA139227C3FA7000DCECFD /* SettingsTimePickerCell.xib */; };
		52FA13A627C3FA7100DCECFD /* SettingsValueCellViewModel.swift in Sources */ = {isa = PBXBuildFile; fileRef = 52FA139427C3FA7000DCECFD /* SettingsValueCellViewModel.swift */; };
		52FA13A727C3FA7100DCECFD /* SettingsValueCell.swift in Sources */ = {isa = PBXBuildFile; fileRef = 52FA139527C3FA7000DCECFD /* SettingsValueCell.swift */; };
		52FA13A827C3FA7100DCECFD /* SettingsValueCell.xib in Resources */ = {isa = PBXBuildFile; fileRef = 52FA139627C3FA7000DCECFD /* SettingsValueCell.xib */; };
		52FA13A927C3FA7100DCECFD /* SettingsToggleCell.swift in Sources */ = {isa = PBXBuildFile; fileRef = 52FA139827C3FA7000DCECFD /* SettingsToggleCell.swift */; };
		52FA13AA27C3FA7100DCECFD /* SettingsToggleCellViewModel.swift in Sources */ = {isa = PBXBuildFile; fileRef = 52FA139927C3FA7000DCECFD /* SettingsToggleCellViewModel.swift */; };
		52FA13AB27C3FA7100DCECFD /* SettingsToggleCell.xib in Resources */ = {isa = PBXBuildFile; fileRef = 52FA139A27C3FA7000DCECFD /* SettingsToggleCell.xib */; };
		52FA13AC27C3FA7100DCECFD /* SettingsButtonCell.swift in Sources */ = {isa = PBXBuildFile; fileRef = 52FA139C27C3FA7000DCECFD /* SettingsButtonCell.swift */; };
		52FA13AD27C3FA7100DCECFD /* SettingsButtonCellViewModel.swift in Sources */ = {isa = PBXBuildFile; fileRef = 52FA139D27C3FA7100DCECFD /* SettingsButtonCellViewModel.swift */; };
		52FA13AE27C3FA7100DCECFD /* SettingsButtonCell.xib in Resources */ = {isa = PBXBuildFile; fileRef = 52FA139E27C3FA7100DCECFD /* SettingsButtonCell.xib */; };
		52FA13AF27C3FA7100DCECFD /* SettingsLinkCellViewModel.swift in Sources */ = {isa = PBXBuildFile; fileRef = 52FA13A027C3FA7100DCECFD /* SettingsLinkCellViewModel.swift */; };
		52FA13B027C3FA7100DCECFD /* SettingsLinkCell.swift in Sources */ = {isa = PBXBuildFile; fileRef = 52FA13A127C3FA7100DCECFD /* SettingsLinkCell.swift */; };
		52FA13B127C3FA7100DCECFD /* SettingsLinkCell.xib in Resources */ = {isa = PBXBuildFile; fileRef = 52FA13A227C3FA7100DCECFD /* SettingsLinkCell.xib */; };
/* End PBXBuildFile section */

/* Begin PBXFileReference section */
		5212A85427C3B248002A5CB3 /* UserIdentifierManager.swift */ = {isa = PBXFileReference; lastKnownFileType = sourcecode.swift; path = UserIdentifierManager.swift; sourceTree = "<group>"; };
		527EB0CA27C2AAAB00474245 /* CompositionSection.swift */ = {isa = PBXFileReference; lastKnownFileType = sourcecode.swift; path = CompositionSection.swift; sourceTree = "<group>"; };
		527EB0D427C2AC1300474245 /* QuoteCell.swift */ = {isa = PBXFileReference; lastKnownFileType = sourcecode.swift; path = QuoteCell.swift; sourceTree = "<group>"; };
		527EB0D627C2AC1D00474245 /* QuoteCellViewModel.swift */ = {isa = PBXFileReference; lastKnownFileType = sourcecode.swift; path = QuoteCellViewModel.swift; sourceTree = "<group>"; };
		527EB0D827C2AC2700474245 /* QuoteCell.xib */ = {isa = PBXFileReference; lastKnownFileType = file.xib; path = QuoteCell.xib; sourceTree = "<group>"; };
		527EB0DD27C2B73500474245 /* SnapCenterLayout.swift */ = {isa = PBXFileReference; lastKnownFileType = sourcecode.swift; path = SnapCenterLayout.swift; sourceTree = "<group>"; };
		528FFF2D27C291A100C19A25 /* QuoteDIContainer.swift */ = {isa = PBXFileReference; lastKnownFileType = sourcecode.swift; path = QuoteDIContainer.swift; sourceTree = "<group>"; };
		528FFF2F27C291CD00C19A25 /* QuoteFlowCoordinator.swift */ = {isa = PBXFileReference; lastKnownFileType = sourcecode.swift; path = QuoteFlowCoordinator.swift; sourceTree = "<group>"; };
		528FFF3127C2924D00C19A25 /* QuoteViewModel.swift */ = {isa = PBXFileReference; lastKnownFileType = sourcecode.swift; path = QuoteViewModel.swift; sourceTree = "<group>"; };
		528FFF3327C292A300C19A25 /* QuoteViewController.swift */ = {isa = PBXFileReference; lastKnownFileType = sourcecode.swift; path = QuoteViewController.swift; sourceTree = "<group>"; };
		528FFF3527C292F300C19A25 /* QuoteViewController.storyboard */ = {isa = PBXFileReference; lastKnownFileType = file.storyboard; path = QuoteViewController.storyboard; sourceTree = "<group>"; };
		528FFF3727C2939B00C19A25 /* AppDIContainer.swift */ = {isa = PBXFileReference; lastKnownFileType = sourcecode.swift; path = AppDIContainer.swift; sourceTree = "<group>"; };
		528FFF3927C293D600C19A25 /* AppFlowCoordinator.swift */ = {isa = PBXFileReference; lastKnownFileType = sourcecode.swift; path = AppFlowCoordinator.swift; sourceTree = "<group>"; };
		528FFF4227C2A3BF00C19A25 /* DatabaseService.swift */ = {isa = PBXFileReference; lastKnownFileType = sourcecode.swift; path = DatabaseService.swift; sourceTree = "<group>"; };
		528FFF4527C2A3ED00C19A25 /* App.swift */ = {isa = PBXFileReference; lastKnownFileType = sourcecode.swift; path = App.swift; sourceTree = "<group>"; };
		528FFF4827C2A40D00C19A25 /* RMQuote.swift */ = {isa = PBXFileReference; lastKnownFileType = sourcecode.swift; path = RMQuote.swift; sourceTree = "<group>"; };
		528FFF4A27C2A44100C19A25 /* Constants.swift */ = {isa = PBXFileReference; lastKnownFileType = sourcecode.swift; path = Constants.swift; sourceTree = "<group>"; };
		528FFF4C27C2A57D00C19A25 /* quotes.realm */ = {isa = PBXFileReference; lastKnownFileType = file; path = quotes.realm; sourceTree = "<group>"; };
		528FFF4E27C2A64500C19A25 /* DD.swift */ = {isa = PBXFileReference; lastKnownFileType = sourcecode.swift; path = DD.swift; sourceTree = "<group>"; };
		528FFF5227C2A76D00C19A25 /* Quote.swift */ = {isa = PBXFileReference; lastKnownFileType = sourcecode.swift; path = Quote.swift; sourceTree = "<group>"; };
		52B8090027C400580038FF9D /* Colors.swift */ = {isa = PBXFileReference; lastKnownFileType = sourcecode.swift; path = Colors.swift; sourceTree = "<group>"; };
		52B8090527C4012C0038FF9D /* en */ = {isa = PBXFileReference; lastKnownFileType = text.plist.strings; name = en; path = en.lproj/InfoPlist.strings; sourceTree = "<group>"; };
		52B8090727C4012F0038FF9D /* fr */ = {isa = PBXFileReference; lastKnownFileType = text.plist.strings; name = fr; path = fr.lproj/InfoPlist.strings; sourceTree = "<group>"; };
		52B8090A27C417030038FF9D /* CategoryViewModel.swift */ = {isa = PBXFileReference; fileEncoding = 4; lastKnownFileType = sourcecode.swift; path = CategoryViewModel.swift; sourceTree = "<group>"; };
		52B8090B27C417030038FF9D /* CategoryDIContainer.swift */ = {isa = PBXFileReference; fileEncoding = 4; lastKnownFileType = sourcecode.swift; path = CategoryDIContainer.swift; sourceTree = "<group>"; };
		52B8090C27C417030038FF9D /* CategoryFlowCoordinator.swift */ = {isa = PBXFileReference; fileEncoding = 4; lastKnownFileType = sourcecode.swift; path = CategoryFlowCoordinator.swift; sourceTree = "<group>"; };
		52B8090D27C417030038FF9D /* CategoryViewController.storyboard */ = {isa = PBXFileReference; fileEncoding = 4; lastKnownFileType = file.storyboard; path = CategoryViewController.storyboard; sourceTree = "<group>"; };
		52B8090E27C417030038FF9D /* CategoryViewController.swift */ = {isa = PBXFileReference; fileEncoding = 4; lastKnownFileType = sourcecode.swift; path = CategoryViewController.swift; sourceTree = "<group>"; };
		52B8091527C41C4E0038FF9D /* CategoryCell.xib */ = {isa = PBXFileReference; fileEncoding = 4; lastKnownFileType = file.xib; path = CategoryCell.xib; sourceTree = "<group>"; };
		52B8091627C41C4E0038FF9D /* CategoryCell.swift */ = {isa = PBXFileReference; fileEncoding = 4; lastKnownFileType = sourcecode.swift; path = CategoryCell.swift; sourceTree = "<group>"; };
		52B8091727C41C4E0038FF9D /* CategoryCellViewModel.swift */ = {isa = PBXFileReference; fileEncoding = 4; lastKnownFileType = sourcecode.swift; path = CategoryCellViewModel.swift; sourceTree = "<group>"; };
		52D3D23527C3B42B00B8B884 /* TrackingService.swift */ = {isa = PBXFileReference; lastKnownFileType = sourcecode.swift; path = TrackingService.swift; sourceTree = "<group>"; };
		52D3D23827C3B60C00B8B884 /* PreferenceService.swift */ = {isa = PBXFileReference; lastKnownFileType = sourcecode.swift; path = PreferenceService.swift; sourceTree = "<group>"; };
		52D3D23B27C3BE7200B8B884 /* CALayer+SmoothCorner.swift */ = {isa = PBXFileReference; lastKnownFileType = sourcecode.swift; path = "CALayer+SmoothCorner.swift"; sourceTree = "<group>"; };
		52D3D24127C3BF6E00B8B884 /* AnimationButton.swift */ = {isa = PBXFileReference; lastKnownFileType = sourcecode.swift; path = AnimationButton.swift; sourceTree = "<group>"; };
		52DFEE6327C1896800CA1FD8 /* Motivation.app */ = {isa = PBXFileReference; explicitFileType = wrapper.application; includeInIndex = 0; path = Motivation.app; sourceTree = BUILT_PRODUCTS_DIR; };
		52DFEE6627C1896800CA1FD8 /* AppDelegate.swift */ = {isa = PBXFileReference; lastKnownFileType = sourcecode.swift; path = AppDelegate.swift; sourceTree = "<group>"; };
		52DFEE6F27C1896800CA1FD8 /* Assets.xcassets */ = {isa = PBXFileReference; lastKnownFileType = folder.assetcatalog; path = Assets.xcassets; sourceTree = "<group>"; };
		52DFEE7227C1896800CA1FD8 /* Base */ = {isa = PBXFileReference; lastKnownFileType = file.storyboard; name = Base; path = Base.lproj/LaunchScreen.storyboard; sourceTree = "<group>"; };
		52DFEE7427C1896800CA1FD8 /* Info.plist */ = {isa = PBXFileReference; lastKnownFileType = text.plist.xml; path = Info.plist; sourceTree = "<group>"; };
		52DFEE7F27C18EED00CA1FD8 /* R.generated.swift */ = {isa = PBXFileReference; fileEncoding = 4; lastKnownFileType = sourcecode.swift; name = R.generated.swift; path = ../../../motivation/Motivation/Resources/R.generated.swift; sourceTree = "<group>"; };
		52F14C0527C3FE2F00896847 /* en */ = {isa = PBXFileReference; lastKnownFileType = text.plist.strings; name = en; path = en.lproj/Localizable.strings; sourceTree = "<group>"; };
		52F14C0727C3FE3D00896847 /* fr */ = {isa = PBXFileReference; lastKnownFileType = text.plist.strings; name = fr; path = fr.lproj/Localizable.strings; sourceTree = "<group>"; };
		52FA138427C3FA4600DCECFD /* SettingsFlowCoordinator.swift */ = {isa = PBXFileReference; fileEncoding = 4; lastKnownFileType = sourcecode.swift; path = SettingsFlowCoordinator.swift; sourceTree = "<group>"; };
		52FA138527C3FA4600DCECFD /* SettingsViewController.storyboard */ = {isa = PBXFileReference; fileEncoding = 4; lastKnownFileType = file.storyboard; path = SettingsViewController.storyboard; sourceTree = "<group>"; };
		52FA138627C3FA4600DCECFD /* SettingsViewModel.swift */ = {isa = PBXFileReference; fileEncoding = 4; lastKnownFileType = sourcecode.swift; path = SettingsViewModel.swift; sourceTree = "<group>"; };
		52FA138727C3FA4600DCECFD /* SettingsDIContainer.swift */ = {isa = PBXFileReference; fileEncoding = 4; lastKnownFileType = sourcecode.swift; path = SettingsDIContainer.swift; sourceTree = "<group>"; };
		52FA138827C3FA4600DCECFD /* SettingsViewController.swift */ = {isa = PBXFileReference; fileEncoding = 4; lastKnownFileType = sourcecode.swift; path = SettingsViewController.swift; sourceTree = "<group>"; };
		52FA139027C3FA7000DCECFD /* SettingsTimePickerCellViewModel.swift */ = {isa = PBXFileReference; fileEncoding = 4; lastKnownFileType = sourcecode.swift; path = SettingsTimePickerCellViewModel.swift; sourceTree = "<group>"; };
		52FA139127C3FA7000DCECFD /* SettingsTimePickerCell.swift */ = {isa = PBXFileReference; fileEncoding = 4; lastKnownFileType = sourcecode.swift; path = SettingsTimePickerCell.swift; sourceTree = "<group>"; };
		52FA139227C3FA7000DCECFD /* SettingsTimePickerCell.xib */ = {isa = PBXFileReference; fileEncoding = 4; lastKnownFileType = file.xib; path = SettingsTimePickerCell.xib; sourceTree = "<group>"; };
		52FA139427C3FA7000DCECFD /* SettingsValueCellViewModel.swift */ = {isa = PBXFileReference; fileEncoding = 4; lastKnownFileType = sourcecode.swift; path = SettingsValueCellViewModel.swift; sourceTree = "<group>"; };
		52FA139527C3FA7000DCECFD /* SettingsValueCell.swift */ = {isa = PBXFileReference; fileEncoding = 4; lastKnownFileType = sourcecode.swift; path = SettingsValueCell.swift; sourceTree = "<group>"; };
		52FA139627C3FA7000DCECFD /* SettingsValueCell.xib */ = {isa = PBXFileReference; fileEncoding = 4; lastKnownFileType = file.xib; path = SettingsValueCell.xib; sourceTree = "<group>"; };
		52FA139827C3FA7000DCECFD /* SettingsToggleCell.swift */ = {isa = PBXFileReference; fileEncoding = 4; lastKnownFileType = sourcecode.swift; path = SettingsToggleCell.swift; sourceTree = "<group>"; };
		52FA139927C3FA7000DCECFD /* SettingsToggleCellViewModel.swift */ = {isa = PBXFileReference; fileEncoding = 4; lastKnownFileType = sourcecode.swift; path = SettingsToggleCellViewModel.swift; sourceTree = "<group>"; };
		52FA139A27C3FA7000DCECFD /* SettingsToggleCell.xib */ = {isa = PBXFileReference; fileEncoding = 4; lastKnownFileType = file.xib; path = SettingsToggleCell.xib; sourceTree = "<group>"; };
		52FA139C27C3FA7000DCECFD /* SettingsButtonCell.swift */ = {isa = PBXFileReference; fileEncoding = 4; lastKnownFileType = sourcecode.swift; path = SettingsButtonCell.swift; sourceTree = "<group>"; };
		52FA139D27C3FA7100DCECFD /* SettingsButtonCellViewModel.swift */ = {isa = PBXFileReference; fileEncoding = 4; lastKnownFileType = sourcecode.swift; path = SettingsButtonCellViewModel.swift; sourceTree = "<group>"; };
		52FA139E27C3FA7100DCECFD /* SettingsButtonCell.xib */ = {isa = PBXFileReference; fileEncoding = 4; lastKnownFileType = file.xib; path = SettingsButtonCell.xib; sourceTree = "<group>"; };
		52FA13A027C3FA7100DCECFD /* SettingsLinkCellViewModel.swift */ = {isa = PBXFileReference; fileEncoding = 4; lastKnownFileType = sourcecode.swift; path = SettingsLinkCellViewModel.swift; sourceTree = "<group>"; };
		52FA13A127C3FA7100DCECFD /* SettingsLinkCell.swift */ = {isa = PBXFileReference; fileEncoding = 4; lastKnownFileType = sourcecode.swift; path = SettingsLinkCell.swift; sourceTree = "<group>"; };
		52FA13A227C3FA7100DCECFD /* SettingsLinkCell.xib */ = {isa = PBXFileReference; fileEncoding = 4; lastKnownFileType = file.xib; path = SettingsLinkCell.xib; sourceTree = "<group>"; };
/* End PBXFileReference section */

/* Begin PBXFrameworksBuildPhase section */
		52DFEE6027C1896800CA1FD8 /* Frameworks */ = {
			isa = PBXFrameworksBuildPhase;
			buildActionMask = 2147483647;
			files = (
				52D3D23327C3B40300B8B884 /* Amplitude in Frameworks */,
				528FFF3F27C2A39600C19A25 /* RealmSwift in Frameworks */,
				528FFF3D27C2A39600C19A25 /* Realm in Frameworks */,
				5212A85027C3B1AB002A5CB3 /* Bugsnag in Frameworks */,
				527EB0D027C2AB7B00474245 /* RxSwift in Frameworks */,
				527EB0CE27C2AB7B00474245 /* RxCocoa in Frameworks */,
				52800DEB27C1916F00149CA5 /* Rswift in Frameworks */,
				5212A85327C3B21B002A5CB3 /* KeychainSwift in Frameworks */,
				527EB0DC27C2AC5A00474245 /* Reusable in Frameworks */,
			);
			runOnlyForDeploymentPostprocessing = 0;
		};
/* End PBXFrameworksBuildPhase section */

/* Begin PBXGroup section */
		527EB0D127C2ABE500474245 /* Views */ = {
			isa = PBXGroup;
			children = (
				527EB0D227C2ABEC00474245 /* Cells */,
				52D3D23F27C3BF5600B8B884 /* Views */,
			);
			path = Views;
			sourceTree = "<group>";
		};
		527EB0D227C2ABEC00474245 /* Cells */ = {
			isa = PBXGroup;
			children = (
				527EB0D327C2AC0500474245 /* Quote */,
				52B8091427C41C130038FF9D /* Category */,
				52FA138E27C3FA7000DCECFD /* Settings */,
			);
			path = Cells;
			sourceTree = "<group>";
		};
		527EB0D327C2AC0500474245 /* Quote */ = {
			isa = PBXGroup;
			children = (
				527EB0D427C2AC1300474245 /* QuoteCell.swift */,
				527EB0D627C2AC1D00474245 /* QuoteCellViewModel.swift */,
				527EB0D827C2AC2700474245 /* QuoteCell.xib */,
			);
			path = Quote;
			sourceTree = "<group>";
		};
		528FFF2C27C2918500C19A25 /* Quote */ = {
			isa = PBXGroup;
			children = (
				528FFF2D27C291A100C19A25 /* QuoteDIContainer.swift */,
				528FFF2F27C291CD00C19A25 /* QuoteFlowCoordinator.swift */,
				528FFF3127C2924D00C19A25 /* QuoteViewModel.swift */,
				528FFF3327C292A300C19A25 /* QuoteViewController.swift */,
				528FFF3527C292F300C19A25 /* QuoteViewController.storyboard */,
			);
			path = Quote;
			sourceTree = "<group>";
		};
		528FFF4027C2A3AE00C19A25 /* Services */ = {
			isa = PBXGroup;
			children = (
				528FFF4127C2A3B500C19A25 /* Database */,
				52D3D23427C3B41400B8B884 /* Tracking */,
				52D3D23727C3B5F100B8B884 /* Preference */,
			);
			path = Services;
			sourceTree = "<group>";
		};
		528FFF4127C2A3B500C19A25 /* Database */ = {
			isa = PBXGroup;
			children = (
				528FFF4227C2A3BF00C19A25 /* DatabaseService.swift */,
			);
			path = Database;
			sourceTree = "<group>";
		};
		528FFF4427C2A3E500C19A25 /* Utils */ = {
			isa = PBXGroup;
			children = (
				52D3D23A27C3BE6100B8B884 /* Extensions */,
				528FFF4527C2A3ED00C19A25 /* App.swift */,
				528FFF4A27C2A44100C19A25 /* Constants.swift */,
				528FFF4E27C2A64500C19A25 /* DD.swift */,
				527EB0CA27C2AAAB00474245 /* CompositionSection.swift */,
				527EB0DD27C2B73500474245 /* SnapCenterLayout.swift */,
				5212A85427C3B248002A5CB3 /* UserIdentifierManager.swift */,
				52B8090027C400580038FF9D /* Colors.swift */,
			);
			path = Utils;
			sourceTree = "<group>";
		};
		528FFF4727C2A40300C19A25 /* Models */ = {
			isa = PBXGroup;
			children = (
				528FFF5127C2A76400C19A25 /* Database */,
				528FFF5227C2A76D00C19A25 /* Quote.swift */,
			);
			path = Models;
			sourceTree = "<group>";
		};
		528FFF5127C2A76400C19A25 /* Database */ = {
			isa = PBXGroup;
			children = (
				528FFF4827C2A40D00C19A25 /* RMQuote.swift */,
			);
			path = Database;
			sourceTree = "<group>";
		};
		52B8090927C417030038FF9D /* Category */ = {
			isa = PBXGroup;
			children = (
				52B8090B27C417030038FF9D /* CategoryDIContainer.swift */,
				52B8090C27C417030038FF9D /* CategoryFlowCoordinator.swift */,
				52B8090A27C417030038FF9D /* CategoryViewModel.swift */,
				52B8090E27C417030038FF9D /* CategoryViewController.swift */,
				52B8090D27C417030038FF9D /* CategoryViewController.storyboard */,
			);
			path = Category;
			sourceTree = "<group>";
		};
		52B8091427C41C130038FF9D /* Category */ = {
			isa = PBXGroup;
			children = (
				52B8091627C41C4E0038FF9D /* CategoryCell.swift */,
				52B8091727C41C4E0038FF9D /* CategoryCellViewModel.swift */,
				52B8091527C41C4E0038FF9D /* CategoryCell.xib */,
			);
			path = Category;
			sourceTree = "<group>";
		};
		52D3D23427C3B41400B8B884 /* Tracking */ = {
			isa = PBXGroup;
			children = (
				52D3D23527C3B42B00B8B884 /* TrackingService.swift */,
			);
			path = Tracking;
			sourceTree = "<group>";
		};
		52D3D23727C3B5F100B8B884 /* Preference */ = {
			isa = PBXGroup;
			children = (
				52D3D23827C3B60C00B8B884 /* PreferenceService.swift */,
			);
			path = Preference;
			sourceTree = "<group>";
		};
		52D3D23A27C3BE6100B8B884 /* Extensions */ = {
			isa = PBXGroup;
			children = (
				52D3D23B27C3BE7200B8B884 /* CALayer+SmoothCorner.swift */,
			);
			path = Extensions;
			sourceTree = "<group>";
		};
		52D3D23F27C3BF5600B8B884 /* Views */ = {
			isa = PBXGroup;
			children = (
				52D3D24027C3BF6400B8B884 /* Buttons */,
			);
			path = Views;
			sourceTree = "<group>";
		};
		52D3D24027C3BF6400B8B884 /* Buttons */ = {
			isa = PBXGroup;
			children = (
				52D3D24127C3BF6E00B8B884 /* AnimationButton.swift */,
			);
			path = Buttons;
			sourceTree = "<group>";
		};
		52DFEE5A27C1896800CA1FD8 = {
			isa = PBXGroup;
			children = (
				52DFEE6527C1896800CA1FD8 /* Motivation */,
				52DFEE6427C1896800CA1FD8 /* Products */,
			);
			sourceTree = "<group>";
		};
		52DFEE6427C1896800CA1FD8 /* Products */ = {
			isa = PBXGroup;
			children = (
				52DFEE6327C1896800CA1FD8 /* Motivation.app */,
			);
			name = Products;
			sourceTree = "<group>";
		};
		52DFEE6527C1896800CA1FD8 /* Motivation */ = {
			isa = PBXGroup;
			children = (
				52DFEE7B27C18B3500CA1FD8 /* Application */,
				528FFF4427C2A3E500C19A25 /* Utils */,
				528FFF4727C2A40300C19A25 /* Models */,
				528FFF4027C2A3AE00C19A25 /* Services */,
				52DFEE7C27C18B4000CA1FD8 /* Controllers */,
				527EB0D127C2ABE500474245 /* Views */,
				52DFEE7A27C18B2200CA1FD8 /* Resources */,
			);
			path = Motivation;
			sourceTree = "<group>";
		};
		52DFEE7A27C18B2200CA1FD8 /* Resources */ = {
			isa = PBXGroup;
			children = (
				52B8090627C4012C0038FF9D /* InfoPlist.strings */,
				52F14C0627C3FE2F00896847 /* Localizable.strings */,
				528FFF4C27C2A57D00C19A25 /* quotes.realm */,
				52DFEE6F27C1896800CA1FD8 /* Assets.xcassets */,
				52DFEE7427C1896800CA1FD8 /* Info.plist */,
				52DFEE7F27C18EED00CA1FD8 /* R.generated.swift */,
				52DFEE7127C1896800CA1FD8 /* LaunchScreen.storyboard */,
			);
			path = Resources;
			sourceTree = "<group>";
		};
		52DFEE7B27C18B3500CA1FD8 /* Application */ = {
			isa = PBXGroup;
			children = (
				52DFEE6627C1896800CA1FD8 /* AppDelegate.swift */,
				528FFF3727C2939B00C19A25 /* AppDIContainer.swift */,
				528FFF3927C293D600C19A25 /* AppFlowCoordinator.swift */,
			);
			path = Application;
			sourceTree = "<group>";
		};
		52DFEE7C27C18B4000CA1FD8 /* Controllers */ = {
			isa = PBXGroup;
			children = (
				528FFF2C27C2918500C19A25 /* Quote */,
				52B8090927C417030038FF9D /* Category */,
				52FA138327C3FA4600DCECFD /* Settings */,
			);
			path = Controllers;
			sourceTree = "<group>";
		};
		52FA138327C3FA4600DCECFD /* Settings */ = {
			isa = PBXGroup;
			children = (
				52FA138727C3FA4600DCECFD /* SettingsDIContainer.swift */,
				52FA138427C3FA4600DCECFD /* SettingsFlowCoordinator.swift */,
				52FA138627C3FA4600DCECFD /* SettingsViewModel.swift */,
				52FA138827C3FA4600DCECFD /* SettingsViewController.swift */,
				52FA138527C3FA4600DCECFD /* SettingsViewController.storyboard */,
			);
			path = Settings;
			sourceTree = "<group>";
		};
		52FA138E27C3FA7000DCECFD /* Settings */ = {
			isa = PBXGroup;
			children = (
				52FA138F27C3FA7000DCECFD /* TimePicker */,
				52FA139327C3FA7000DCECFD /* Value */,
				52FA139727C3FA7000DCECFD /* Toggle */,
				52FA139B27C3FA7000DCECFD /* Button */,
				52FA139F27C3FA7100DCECFD /* Link */,
			);
			path = Settings;
			sourceTree = "<group>";
		};
		52FA138F27C3FA7000DCECFD /* TimePicker */ = {
			isa = PBXGroup;
			children = (
				52FA139127C3FA7000DCECFD /* SettingsTimePickerCell.swift */,
				52FA139027C3FA7000DCECFD /* SettingsTimePickerCellViewModel.swift */,
				52FA139227C3FA7000DCECFD /* SettingsTimePickerCell.xib */,
			);
			path = TimePicker;
			sourceTree = "<group>";
		};
		52FA139327C3FA7000DCECFD /* Value */ = {
			isa = PBXGroup;
			children = (
				52FA139527C3FA7000DCECFD /* SettingsValueCell.swift */,
				52FA139427C3FA7000DCECFD /* SettingsValueCellViewModel.swift */,
				52FA139627C3FA7000DCECFD /* SettingsValueCell.xib */,
			);
			path = Value;
			sourceTree = "<group>";
		};
		52FA139727C3FA7000DCECFD /* Toggle */ = {
			isa = PBXGroup;
			children = (
				52FA139827C3FA7000DCECFD /* SettingsToggleCell.swift */,
				52FA139927C3FA7000DCECFD /* SettingsToggleCellViewModel.swift */,
				52FA139A27C3FA7000DCECFD /* SettingsToggleCell.xib */,
			);
			path = Toggle;
			sourceTree = "<group>";
		};
		52FA139B27C3FA7000DCECFD /* Button */ = {
			isa = PBXGroup;
			children = (
				52FA139C27C3FA7000DCECFD /* SettingsButtonCell.swift */,
				52FA139D27C3FA7100DCECFD /* SettingsButtonCellViewModel.swift */,
				52FA139E27C3FA7100DCECFD /* SettingsButtonCell.xib */,
			);
			path = Button;
			sourceTree = "<group>";
		};
		52FA139F27C3FA7100DCECFD /* Link */ = {
			isa = PBXGroup;
			children = (
				52FA13A127C3FA7100DCECFD /* SettingsLinkCell.swift */,
				52FA13A027C3FA7100DCECFD /* SettingsLinkCellViewModel.swift */,
				52FA13A227C3FA7100DCECFD /* SettingsLinkCell.xib */,
			);
			path = Link;
			sourceTree = "<group>";
		};
/* End PBXGroup section */

/* Begin PBXNativeTarget section */
		52DFEE6227C1896800CA1FD8 /* Motivation */ = {
			isa = PBXNativeTarget;
			buildConfigurationList = 52DFEE7727C1896800CA1FD8 /* Build configuration list for PBXNativeTarget "Motivation" */;
			buildPhases = (
				52DFEE7E27C18EA500CA1FD8 /* R.Swift */,
				52DFEE5F27C1896800CA1FD8 /* Sources */,
				52DFEE6027C1896800CA1FD8 /* Frameworks */,
				52DFEE6127C1896800CA1FD8 /* Resources */,
				52DFEE7D27C18DE900CA1FD8 /* Swiftlint */,
			);
			buildRules = (
			);
			dependencies = (
			);
			name = Motivation;
			packageProductDependencies = (
				52800DEA27C1916F00149CA5 /* Rswift */,
				528FFF3C27C2A39600C19A25 /* Realm */,
				528FFF3E27C2A39600C19A25 /* RealmSwift */,
				527EB0CD27C2AB7B00474245 /* RxCocoa */,
				527EB0CF27C2AB7B00474245 /* RxSwift */,
				527EB0DB27C2AC5A00474245 /* Reusable */,
				5212A84F27C3B1AB002A5CB3 /* Bugsnag */,
				5212A85227C3B21B002A5CB3 /* KeychainSwift */,
				52D3D23227C3B40300B8B884 /* Amplitude */,
			);
			productName = Motivation;
			productReference = 52DFEE6327C1896800CA1FD8 /* Motivation.app */;
			productType = "com.apple.product-type.application";
		};
/* End PBXNativeTarget section */

/* Begin PBXProject section */
		52DFEE5B27C1896800CA1FD8 /* Project object */ = {
			isa = PBXProject;
			attributes = {
				BuildIndependentTargetsInParallel = 1;
				LastSwiftUpdateCheck = 1320;
				LastUpgradeCheck = 1320;
				TargetAttributes = {
					52DFEE6227C1896800CA1FD8 = {
						CreatedOnToolsVersion = 13.2.1;
					};
				};
			};
			buildConfigurationList = 52DFEE5E27C1896800CA1FD8 /* Build configuration list for PBXProject "Motivation" */;
			compatibilityVersion = "Xcode 13.0";
			developmentRegion = en;
			hasScannedForEncodings = 0;
			knownRegions = (
				en,
				Base,
				fr,
			);
			mainGroup = 52DFEE5A27C1896800CA1FD8;
			packageReferences = (
				52800DE927C1916F00149CA5 /* XCRemoteSwiftPackageReference "R.swift" */,
				528FFF3B27C2A39600C19A25 /* XCRemoteSwiftPackageReference "realm-swift" */,
				527EB0CC27C2AB7A00474245 /* XCRemoteSwiftPackageReference "RxSwift" */,
				527EB0DA27C2AC5A00474245 /* XCRemoteSwiftPackageReference "Reusable" */,
				5212A84E27C3B1AB002A5CB3 /* XCRemoteSwiftPackageReference "bugsnag-cocoa" */,
				5212A85127C3B21B002A5CB3 /* XCRemoteSwiftPackageReference "keychain-swift" */,
				52D3D23127C3B40300B8B884 /* XCRemoteSwiftPackageReference "Amplitude-iOS" */,
			);
			productRefGroup = 52DFEE6427C1896800CA1FD8 /* Products */;
			projectDirPath = "";
			projectRoot = "";
			targets = (
				52DFEE6227C1896800CA1FD8 /* Motivation */,
			);
		};
/* End PBXProject section */

/* Begin PBXResourcesBuildPhase section */
		52DFEE6127C1896800CA1FD8 /* Resources */ = {
			isa = PBXResourcesBuildPhase;
			buildActionMask = 2147483647;
			files = (
				528FFF4D27C2A57D00C19A25 /* quotes.realm in Resources */,
				52B8091227C417040038FF9D /* CategoryViewController.storyboard in Resources */,
				52F14C0427C3FE2F00896847 /* Localizable.strings in Resources */,
				52DFEE7327C1896800CA1FD8 /* LaunchScreen.storyboard in Resources */,
				52B8090427C4012C0038FF9D /* InfoPlist.strings in Resources */,
				52FA13A527C3FA7100DCECFD /* SettingsTimePickerCell.xib in Resources */,
				527EB0D927C2AC2700474245 /* QuoteCell.xib in Resources */,
				52FA13A827C3FA7100DCECFD /* SettingsValueCell.xib in Resources */,
				52DFEE7027C1896800CA1FD8 /* Assets.xcassets in Resources */,
				52FA13AE27C3FA7100DCECFD /* SettingsButtonCell.xib in Resources */,
				52B8091827C41C4E0038FF9D /* CategoryCell.xib in Resources */,
				52FA138A27C3FA4600DCECFD /* SettingsViewController.storyboard in Resources */,
				52FA13AB27C3FA7100DCECFD /* SettingsToggleCell.xib in Resources */,
				52FA13B127C3FA7100DCECFD /* SettingsLinkCell.xib in Resources */,
				528FFF3627C292F300C19A25 /* QuoteViewController.storyboard in Resources */,
			);
			runOnlyForDeploymentPostprocessing = 0;
		};
/* End PBXResourcesBuildPhase section */

/* Begin PBXShellScriptBuildPhase section */
		52DFEE7D27C18DE900CA1FD8 /* Swiftlint */ = {
			isa = PBXShellScriptBuildPhase;
			buildActionMask = 2147483647;
			files = (
			);
			inputFileListPaths = (
			);
			inputPaths = (
			);
			name = Swiftlint;
			outputFileListPaths = (
			);
			outputPaths = (
			);
			runOnlyForDeploymentPostprocessing = 0;
			shellPath = /bin/sh;
			shellScript = "if test -d \"/opt/homebrew/bin/\"; then\n  PATH=\"/opt/homebrew/bin/:${PATH}\"\nfi\n\nexport PATH\n\nif which swiftlint >/dev/null; then\n  swiftlint\nelse\n  echo \"warning: SwiftLint not installed, download from https://github.com/realm/SwiftLint\"\nfi\n";
		};
		52DFEE7E27C18EA500CA1FD8 /* R.Swift */ = {
			isa = PBXShellScriptBuildPhase;
			alwaysOutOfDate = 1;
			buildActionMask = 2147483647;
			files = (
			);
			inputFileListPaths = (
			);
			inputPaths = (
			);
			name = R.Swift;
			outputFileListPaths = (
			);
			outputPaths = (
				$SRCROOT/Motivation/Resources/R.generated.swift,
			);
			runOnlyForDeploymentPostprocessing = 0;
			shellPath = /bin/sh;
			shellScript = "\"$SRCROOT/scripts/rswift\" generate \"$SRCROOT/Motivation/Resources/R.generated.swift\"\n";
		};
/* End PBXShellScriptBuildPhase section */

/* Begin PBXSourcesBuildPhase section */
		52DFEE5F27C1896800CA1FD8 /* Sources */ = {
			isa = PBXSourcesBuildPhase;
			buildActionMask = 2147483647;
			files = (
				528FFF4327C2A3BF00C19A25 /* DatabaseService.swift in Sources */,
				52FA13A727C3FA7100DCECFD /* SettingsValueCell.swift in Sources */,
				528FFF3827C2939B00C19A25 /* AppDIContainer.swift in Sources */,
				528FFF3A27C293D600C19A25 /* AppFlowCoordinator.swift in Sources */,
				528FFF4627C2A3ED00C19A25 /* App.swift in Sources */,
				528FFF3027C291CD00C19A25 /* QuoteFlowCoordinator.swift in Sources */,
				52FA13A927C3FA7100DCECFD /* SettingsToggleCell.swift in Sources */,
				52B8091127C417040038FF9D /* CategoryFlowCoordinator.swift in Sources */,
				52FA138927C3FA4600DCECFD /* SettingsFlowCoordinator.swift in Sources */,
				52DFEE6727C1896800CA1FD8 /* AppDelegate.swift in Sources */,
				528FFF3227C2924D00C19A25 /* QuoteViewModel.swift in Sources */,
				52B8091027C417040038FF9D /* CategoryDIContainer.swift in Sources */,
				52D3D23927C3B60C00B8B884 /* PreferenceService.swift in Sources */,
				52DFEE8027C18EED00CA1FD8 /* R.generated.swift in Sources */,
				52FA138B27C3FA4600DCECFD /* SettingsViewModel.swift in Sources */,
				52D3D23627C3B42B00B8B884 /* TrackingService.swift in Sources */,
				52B8091327C417040038FF9D /* CategoryViewController.swift in Sources */,
				52FA13A627C3FA7100DCECFD /* SettingsValueCellViewModel.swift in Sources */,
				52D3D23C27C3BE7200B8B884 /* CALayer+SmoothCorner.swift in Sources */,
				52D3D24227C3BF6E00B8B884 /* AnimationButton.swift in Sources */,
				52FA13AF27C3FA7100DCECFD /* SettingsLinkCellViewModel.swift in Sources */,
				52FA13A427C3FA7100DCECFD /* SettingsTimePickerCell.swift in Sources */,
				52FA13AC27C3FA7100DCECFD /* SettingsButtonCell.swift in Sources */,
				527EB0D527C2AC1300474245 /* QuoteCell.swift in Sources */,
				528FFF3427C292A300C19A25 /* QuoteViewController.swift in Sources */,
				52B8090F27C417040038FF9D /* CategoryViewModel.swift in Sources */,
				528FFF2E27C291A100C19A25 /* QuoteDIContainer.swift in Sources */,
				52B8091927C41C4E0038FF9D /* CategoryCell.swift in Sources */,
				527EB0CB27C2AAAB00474245 /* CompositionSection.swift in Sources */,
				52FA13A327C3FA7100DCECFD /* SettingsTimePickerCellViewModel.swift in Sources */,
				5212A85527C3B248002A5CB3 /* UserIdentifierManager.swift in Sources */,
				527EB0DE27C2B73500474245 /* SnapCenterLayout.swift in Sources */,
				527EB0D727C2AC1D00474245 /* QuoteCellViewModel.swift in Sources */,
				528FFF4927C2A40D00C19A25 /* RMQuote.swift in Sources */,
				528FFF4B27C2A44100C19A25 /* Constants.swift in Sources */,
				52FA13B027C3FA7100DCECFD /* SettingsLinkCell.swift in Sources */,
				52B8091A27C41C4E0038FF9D /* CategoryCellViewModel.swift in Sources */,
				52B8090127C400580038FF9D /* Colors.swift in Sources */,
				52FA13AD27C3FA7100DCECFD /* SettingsButtonCellViewModel.swift in Sources */,
				528FFF5327C2A76D00C19A25 /* Quote.swift in Sources */,
				528FFF4F27C2A64500C19A25 /* DD.swift in Sources */,
				52FA138C27C3FA4600DCECFD /* SettingsDIContainer.swift in Sources */,
				52FA138D27C3FA4600DCECFD /* SettingsViewController.swift in Sources */,
				52FA13AA27C3FA7100DCECFD /* SettingsToggleCellViewModel.swift in Sources */,
			);
			runOnlyForDeploymentPostprocessing = 0;
		};
/* End PBXSourcesBuildPhase section */

/* Begin PBXVariantGroup section */
		52B8090627C4012C0038FF9D /* InfoPlist.strings */ = {
			isa = PBXVariantGroup;
			children = (
				52B8090527C4012C0038FF9D /* en */,
				52B8090727C4012F0038FF9D /* fr */,
			);
			name = InfoPlist.strings;
			sourceTree = "<group>";
		};
		52DFEE7127C1896800CA1FD8 /* LaunchScreen.storyboard */ = {
			isa = PBXVariantGroup;
			children = (
				52DFEE7227C1896800CA1FD8 /* Base */,
			);
			name = LaunchScreen.storyboard;
			sourceTree = "<group>";
		};
		52F14C0627C3FE2F00896847 /* Localizable.strings */ = {
			isa = PBXVariantGroup;
			children = (
				52F14C0527C3FE2F00896847 /* en */,
				52F14C0727C3FE3D00896847 /* fr */,
			);
			name = Localizable.strings;
			sourceTree = "<group>";
		};
/* End PBXVariantGroup section */

/* Begin XCBuildConfiguration section */
		52DFEE7527C1896800CA1FD8 /* Debug */ = {
			isa = XCBuildConfiguration;
			buildSettings = {
				ALWAYS_SEARCH_USER_PATHS = NO;
				CLANG_ANALYZER_LOCALIZABILITY_NONLOCALIZED = YES;
				CLANG_ANALYZER_NONNULL = YES;
				CLANG_ANALYZER_NUMBER_OBJECT_CONVERSION = YES_AGGRESSIVE;
				CLANG_CXX_LANGUAGE_STANDARD = "gnu++17";
				CLANG_CXX_LIBRARY = "libc++";
				CLANG_ENABLE_MODULES = YES;
				CLANG_ENABLE_OBJC_ARC = YES;
				CLANG_ENABLE_OBJC_WEAK = YES;
				CLANG_WARN_BLOCK_CAPTURE_AUTORELEASING = YES;
				CLANG_WARN_BOOL_CONVERSION = YES;
				CLANG_WARN_COMMA = YES;
				CLANG_WARN_CONSTANT_CONVERSION = YES;
				CLANG_WARN_DEPRECATED_OBJC_IMPLEMENTATIONS = YES;
				CLANG_WARN_DIRECT_OBJC_ISA_USAGE = YES_ERROR;
				CLANG_WARN_DOCUMENTATION_COMMENTS = YES;
				CLANG_WARN_EMPTY_BODY = YES;
				CLANG_WARN_ENUM_CONVERSION = YES;
				CLANG_WARN_INFINITE_RECURSION = YES;
				CLANG_WARN_INT_CONVERSION = YES;
				CLANG_WARN_NON_LITERAL_NULL_CONVERSION = YES;
				CLANG_WARN_OBJC_IMPLICIT_RETAIN_SELF = YES;
				CLANG_WARN_OBJC_LITERAL_CONVERSION = YES;
				CLANG_WARN_OBJC_ROOT_CLASS = YES_ERROR;
				CLANG_WARN_QUOTED_INCLUDE_IN_FRAMEWORK_HEADER = YES;
				CLANG_WARN_RANGE_LOOP_ANALYSIS = YES;
				CLANG_WARN_STRICT_PROTOTYPES = YES;
				CLANG_WARN_SUSPICIOUS_MOVE = YES;
				CLANG_WARN_UNGUARDED_AVAILABILITY = YES_AGGRESSIVE;
				CLANG_WARN_UNREACHABLE_CODE = YES;
				CLANG_WARN__DUPLICATE_METHOD_MATCH = YES;
				COPY_PHASE_STRIP = NO;
				DEBUG_INFORMATION_FORMAT = dwarf;
				ENABLE_STRICT_OBJC_MSGSEND = YES;
				ENABLE_TESTABILITY = YES;
				GCC_C_LANGUAGE_STANDARD = gnu11;
				GCC_DYNAMIC_NO_PIC = NO;
				GCC_NO_COMMON_BLOCKS = YES;
				GCC_OPTIMIZATION_LEVEL = 0;
				GCC_PREPROCESSOR_DEFINITIONS = (
					"DEBUG=1",
					"$(inherited)",
				);
				GCC_WARN_64_TO_32_BIT_CONVERSION = YES;
				GCC_WARN_ABOUT_RETURN_TYPE = YES_ERROR;
				GCC_WARN_UNDECLARED_SELECTOR = YES;
				GCC_WARN_UNINITIALIZED_AUTOS = YES_AGGRESSIVE;
				GCC_WARN_UNUSED_FUNCTION = YES;
				GCC_WARN_UNUSED_VARIABLE = YES;
				IPHONEOS_DEPLOYMENT_TARGET = 15.2;
				MTL_ENABLE_DEBUG_INFO = INCLUDE_SOURCE;
				MTL_FAST_MATH = YES;
				ONLY_ACTIVE_ARCH = YES;
				SDKROOT = iphoneos;
				SWIFT_ACTIVE_COMPILATION_CONDITIONS = DEBUG;
				SWIFT_OPTIMIZATION_LEVEL = "-Onone";
			};
			name = Debug;
		};
		52DFEE7627C1896800CA1FD8 /* Release */ = {
			isa = XCBuildConfiguration;
			buildSettings = {
				ALWAYS_SEARCH_USER_PATHS = NO;
				CLANG_ANALYZER_LOCALIZABILITY_NONLOCALIZED = YES;
				CLANG_ANALYZER_NONNULL = YES;
				CLANG_ANALYZER_NUMBER_OBJECT_CONVERSION = YES_AGGRESSIVE;
				CLANG_CXX_LANGUAGE_STANDARD = "gnu++17";
				CLANG_CXX_LIBRARY = "libc++";
				CLANG_ENABLE_MODULES = YES;
				CLANG_ENABLE_OBJC_ARC = YES;
				CLANG_ENABLE_OBJC_WEAK = YES;
				CLANG_WARN_BLOCK_CAPTURE_AUTORELEASING = YES;
				CLANG_WARN_BOOL_CONVERSION = YES;
				CLANG_WARN_COMMA = YES;
				CLANG_WARN_CONSTANT_CONVERSION = YES;
				CLANG_WARN_DEPRECATED_OBJC_IMPLEMENTATIONS = YES;
				CLANG_WARN_DIRECT_OBJC_ISA_USAGE = YES_ERROR;
				CLANG_WARN_DOCUMENTATION_COMMENTS = YES;
				CLANG_WARN_EMPTY_BODY = YES;
				CLANG_WARN_ENUM_CONVERSION = YES;
				CLANG_WARN_INFINITE_RECURSION = YES;
				CLANG_WARN_INT_CONVERSION = YES;
				CLANG_WARN_NON_LITERAL_NULL_CONVERSION = YES;
				CLANG_WARN_OBJC_IMPLICIT_RETAIN_SELF = YES;
				CLANG_WARN_OBJC_LITERAL_CONVERSION = YES;
				CLANG_WARN_OBJC_ROOT_CLASS = YES_ERROR;
				CLANG_WARN_QUOTED_INCLUDE_IN_FRAMEWORK_HEADER = YES;
				CLANG_WARN_RANGE_LOOP_ANALYSIS = YES;
				CLANG_WARN_STRICT_PROTOTYPES = YES;
				CLANG_WARN_SUSPICIOUS_MOVE = YES;
				CLANG_WARN_UNGUARDED_AVAILABILITY = YES_AGGRESSIVE;
				CLANG_WARN_UNREACHABLE_CODE = YES;
				CLANG_WARN__DUPLICATE_METHOD_MATCH = YES;
				COPY_PHASE_STRIP = NO;
				DEBUG_INFORMATION_FORMAT = "dwarf-with-dsym";
				ENABLE_NS_ASSERTIONS = NO;
				ENABLE_STRICT_OBJC_MSGSEND = YES;
				GCC_C_LANGUAGE_STANDARD = gnu11;
				GCC_NO_COMMON_BLOCKS = YES;
				GCC_WARN_64_TO_32_BIT_CONVERSION = YES;
				GCC_WARN_ABOUT_RETURN_TYPE = YES_ERROR;
				GCC_WARN_UNDECLARED_SELECTOR = YES;
				GCC_WARN_UNINITIALIZED_AUTOS = YES_AGGRESSIVE;
				GCC_WARN_UNUSED_FUNCTION = YES;
				GCC_WARN_UNUSED_VARIABLE = YES;
				IPHONEOS_DEPLOYMENT_TARGET = 15.2;
				MTL_ENABLE_DEBUG_INFO = NO;
				MTL_FAST_MATH = YES;
				SDKROOT = iphoneos;
				SWIFT_COMPILATION_MODE = wholemodule;
				SWIFT_OPTIMIZATION_LEVEL = "-O";
				VALIDATE_PRODUCT = YES;
			};
			name = Release;
		};
		52DFEE7827C1896800CA1FD8 /* Debug */ = {
			isa = XCBuildConfiguration;
			buildSettings = {
				ASSETCATALOG_COMPILER_APPICON_NAME = AppIcon;
				ASSETCATALOG_COMPILER_GLOBAL_ACCENT_COLOR_NAME = AccentColor;
				CODE_SIGN_STYLE = Automatic;
				CURRENT_PROJECT_VERSION = 1;
				DEVELOPMENT_TEAM = D27NXEG753;
				GENERATE_INFOPLIST_FILE = YES;
				INFOPLIST_FILE = Motivation/Resources/Info.plist;
				INFOPLIST_KEY_UIApplicationSupportsIndirectInputEvents = YES;
				INFOPLIST_KEY_UILaunchStoryboardName = LaunchScreen;
				INFOPLIST_KEY_UISupportedInterfaceOrientations = "UIInterfaceOrientationPortrait UIInterfaceOrientationLandscapeLeft UIInterfaceOrientationLandscapeRight";
				INFOPLIST_KEY_UISupportedInterfaceOrientations_iPad = "UIInterfaceOrientationPortrait UIInterfaceOrientationPortraitUpsideDown UIInterfaceOrientationLandscapeLeft UIInterfaceOrientationLandscapeRight";
				INFOPLIST_KEY_UISupportedInterfaceOrientations_iPhone = "UIInterfaceOrientationPortrait UIInterfaceOrientationLandscapeLeft UIInterfaceOrientationLandscapeRight";
				IPHONEOS_DEPLOYMENT_TARGET = 13.0;
				LD_RUNPATH_SEARCH_PATHS = (
					"$(inherited)",
					"@executable_path/Frameworks",
				);
				MARKETING_VERSION = 1.0;
				PRODUCT_BUNDLE_IDENTIFIER = maxime.maheo.Motivation;
				PRODUCT_NAME = "$(TARGET_NAME)";
				SWIFT_EMIT_LOC_STRINGS = YES;
				SWIFT_VERSION = 5.0;
				TARGETED_DEVICE_FAMILY = "1,2";
			};
			name = Debug;
		};
		52DFEE7927C1896800CA1FD8 /* Release */ = {
			isa = XCBuildConfiguration;
			buildSettings = {
				ASSETCATALOG_COMPILER_APPICON_NAME = AppIcon;
				ASSETCATALOG_COMPILER_GLOBAL_ACCENT_COLOR_NAME = AccentColor;
				CODE_SIGN_STYLE = Automatic;
				CURRENT_PROJECT_VERSION = 1;
				DEVELOPMENT_TEAM = D27NXEG753;
				GENERATE_INFOPLIST_FILE = YES;
				INFOPLIST_FILE = Motivation/Resources/Info.plist;
				INFOPLIST_KEY_UIApplicationSupportsIndirectInputEvents = YES;
				INFOPLIST_KEY_UILaunchStoryboardName = LaunchScreen;
				INFOPLIST_KEY_UISupportedInterfaceOrientations = "UIInterfaceOrientationPortrait UIInterfaceOrientationLandscapeLeft UIInterfaceOrientationLandscapeRight";
				INFOPLIST_KEY_UISupportedInterfaceOrientations_iPad = "UIInterfaceOrientationPortrait UIInterfaceOrientationPortraitUpsideDown UIInterfaceOrientationLandscapeLeft UIInterfaceOrientationLandscapeRight";
				INFOPLIST_KEY_UISupportedInterfaceOrientations_iPhone = "UIInterfaceOrientationPortrait UIInterfaceOrientationLandscapeLeft UIInterfaceOrientationLandscapeRight";
				IPHONEOS_DEPLOYMENT_TARGET = 13.0;
				LD_RUNPATH_SEARCH_PATHS = (
					"$(inherited)",
					"@executable_path/Frameworks",
				);
				MARKETING_VERSION = 1.0;
				PRODUCT_BUNDLE_IDENTIFIER = maxime.maheo.Motivation;
				PRODUCT_NAME = "$(TARGET_NAME)";
				SWIFT_EMIT_LOC_STRINGS = YES;
				SWIFT_VERSION = 5.0;
				TARGETED_DEVICE_FAMILY = "1,2";
			};
			name = Release;
		};
/* End XCBuildConfiguration section */

/* Begin XCConfigurationList section */
		52DFEE5E27C1896800CA1FD8 /* Build configuration list for PBXProject "Motivation" */ = {
			isa = XCConfigurationList;
			buildConfigurations = (
				52DFEE7527C1896800CA1FD8 /* Debug */,
				52DFEE7627C1896800CA1FD8 /* Release */,
			);
			defaultConfigurationIsVisible = 0;
			defaultConfigurationName = Release;
		};
		52DFEE7727C1896800CA1FD8 /* Build configuration list for PBXNativeTarget "Motivation" */ = {
			isa = XCConfigurationList;
			buildConfigurations = (
				52DFEE7827C1896800CA1FD8 /* Debug */,
				52DFEE7927C1896800CA1FD8 /* Release */,
			);
			defaultConfigurationIsVisible = 0;
			defaultConfigurationName = Release;
		};
/* End XCConfigurationList section */

/* Begin XCRemoteSwiftPackageReference section */
		5212A84E27C3B1AB002A5CB3 /* XCRemoteSwiftPackageReference "bugsnag-cocoa" */ = {
			isa = XCRemoteSwiftPackageReference;
			repositoryURL = "https://github.com/bugsnag/bugsnag-cocoa";
			requirement = {
				kind = upToNextMajorVersion;
				minimumVersion = 6.0.0;
			};
		};
		5212A85127C3B21B002A5CB3 /* XCRemoteSwiftPackageReference "keychain-swift" */ = {
			isa = XCRemoteSwiftPackageReference;
			repositoryURL = "https://github.com/evgenyneu/keychain-swift.git";
			requirement = {
				kind = upToNextMajorVersion;
				minimumVersion = 19.0.0;
			};
		};
		527EB0CC27C2AB7A00474245 /* XCRemoteSwiftPackageReference "RxSwift" */ = {
			isa = XCRemoteSwiftPackageReference;
			repositoryURL = "https://github.com/ReactiveX/RxSwift.git";
			requirement = {
				kind = upToNextMajorVersion;
				minimumVersion = 6.5.0;
			};
		};
		527EB0DA27C2AC5A00474245 /* XCRemoteSwiftPackageReference "Reusable" */ = {
			isa = XCRemoteSwiftPackageReference;
			repositoryURL = "https://github.com/AliSoftware/Reusable.git";
			requirement = {
				kind = upToNextMajorVersion;
				minimumVersion = 4.0.0;
			};
		};
		52800DE927C1916F00149CA5 /* XCRemoteSwiftPackageReference "R.swift" */ = {
			isa = XCRemoteSwiftPackageReference;
			repositoryURL = "https://github.com/mac-cain13/R.swift.Library";
			requirement = {
				kind = upToNextMajorVersion;
				minimumVersion = 5.0.0;
			};
		};
		528FFF3B27C2A39600C19A25 /* XCRemoteSwiftPackageReference "realm-swift" */ = {
			isa = XCRemoteSwiftPackageReference;
			repositoryURL = "https://github.com/realm/realm-swift.git";
			requirement = {
				kind = upToNextMajorVersion;
				minimumVersion = 10.19.0;
			};
		};
		52D3D23127C3B40300B8B884 /* XCRemoteSwiftPackageReference "Amplitude-iOS" */ = {
			isa = XCRemoteSwiftPackageReference;
			repositoryURL = "https://github.com/amplitude/Amplitude-iOS";
			requirement = {
				kind = upToNextMajorVersion;
				minimumVersion = 8.0.0;
			};
		};
/* End XCRemoteSwiftPackageReference section */

/* Begin XCSwiftPackageProductDependency section */
		5212A84F27C3B1AB002A5CB3 /* Bugsnag */ = {
			isa = XCSwiftPackageProductDependency;
			package = 5212A84E27C3B1AB002A5CB3 /* XCRemoteSwiftPackageReference "bugsnag-cocoa" */;
			productName = Bugsnag;
		};
		5212A85227C3B21B002A5CB3 /* KeychainSwift */ = {
			isa = XCSwiftPackageProductDependency;
			package = 5212A85127C3B21B002A5CB3 /* XCRemoteSwiftPackageReference "keychain-swift" */;
			productName = KeychainSwift;
		};
		527EB0CD27C2AB7B00474245 /* RxCocoa */ = {
			isa = XCSwiftPackageProductDependency;
			package = 527EB0CC27C2AB7A00474245 /* XCRemoteSwiftPackageReference "RxSwift" */;
			productName = RxCocoa;
		};
		527EB0CF27C2AB7B00474245 /* RxSwift */ = {
			isa = XCSwiftPackageProductDependency;
			package = 527EB0CC27C2AB7A00474245 /* XCRemoteSwiftPackageReference "RxSwift" */;
			productName = RxSwift;
		};
		527EB0DB27C2AC5A00474245 /* Reusable */ = {
			isa = XCSwiftPackageProductDependency;
			package = 527EB0DA27C2AC5A00474245 /* XCRemoteSwiftPackageReference "Reusable" */;
			productName = Reusable;
		};
		52800DEA27C1916F00149CA5 /* Rswift */ = {
			isa = XCSwiftPackageProductDependency;
			package = 52800DE927C1916F00149CA5 /* XCRemoteSwiftPackageReference "R.swift" */;
			productName = Rswift;
		};
		528FFF3C27C2A39600C19A25 /* Realm */ = {
			isa = XCSwiftPackageProductDependency;
			package = 528FFF3B27C2A39600C19A25 /* XCRemoteSwiftPackageReference "realm-swift" */;
			productName = Realm;
		};
		528FFF3E27C2A39600C19A25 /* RealmSwift */ = {
			isa = XCSwiftPackageProductDependency;
			package = 528FFF3B27C2A39600C19A25 /* XCRemoteSwiftPackageReference "realm-swift" */;
			productName = RealmSwift;
		};
		52D3D23227C3B40300B8B884 /* Amplitude */ = {
			isa = XCSwiftPackageProductDependency;
			package = 52D3D23127C3B40300B8B884 /* XCRemoteSwiftPackageReference "Amplitude-iOS" */;
			productName = Amplitude;
		};
/* End XCSwiftPackageProductDependency section */
	};
	rootObject = 52DFEE5B27C1896800CA1FD8 /* Project object */;
}
